// !$*UTF8*$!
{
	archiveVersion = 1;
	classes = {
	};
	objectVersion = 50;
	objects = {

/* Begin PBXBuildFile section */
		45E658F724044FE3000C1164 /* AppDelegate.swift in Sources */ = {isa = PBXBuildFile; fileRef = 45E658F624044FE3000C1164 /* AppDelegate.swift */; };
		45E658F924044FE3000C1164 /* SceneDelegate.swift in Sources */ = {isa = PBXBuildFile; fileRef = 45E658F824044FE3000C1164 /* SceneDelegate.swift */; };
		45E658FB24044FE3000C1164 /* ViewController.swift in Sources */ = {isa = PBXBuildFile; fileRef = 45E658FA24044FE3000C1164 /* ViewController.swift */; };
		45E658FE24044FE3000C1164 /* Main.storyboard in Resources */ = {isa = PBXBuildFile; fileRef = 45E658FC24044FE3000C1164 /* Main.storyboard */; };
		45E6590024044FE5000C1164 /* Assets.xcassets in Resources */ = {isa = PBXBuildFile; fileRef = 45E658FF24044FE5000C1164 /* Assets.xcassets */; };
		45E6590324044FE5000C1164 /* LaunchScreen.storyboard in Resources */ = {isa = PBXBuildFile; fileRef = 45E6590124044FE5000C1164 /* LaunchScreen.storyboard */; };
		45E6590E24044FE5000C1164 /* myProjectTests.swift in Sources */ = {isa = PBXBuildFile; fileRef = 45E6590D24044FE5000C1164 /* myProjectTests.swift */; };
		45E6591924044FE5000C1164 /* myProjectUITests.swift in Sources */ = {isa = PBXBuildFile; fileRef = 45E6591824044FE5000C1164 /* myProjectUITests.swift */; };
/* End PBXBuildFile section */

/* Begin PBXContainerItemProxy section */
		45E6590A24044FE5000C1164 /* PBXContainerItemProxy */ = {
			isa = PBXContainerItemProxy;
			containerPortal = 45E658EB24044FE3000C1164 /* Project object */;
			proxyType = 1;
			remoteGlobalIDString = 45E658F224044FE3000C1164;
			remoteInfo = myProject;
		};
		45E6591524044FE5000C1164 /* PBXContainerItemProxy */ = {
			isa = PBXContainerItemProxy;
			containerPortal = 45E658EB24044FE3000C1164 /* Project object */;
			proxyType = 1;
			remoteGlobalIDString = 45E658F224044FE3000C1164;
			remoteInfo = myProject;
		};
/* End PBXContainerItemProxy section */

/* Begin PBXFileReference section */
		45E658F324044FE3000C1164 /* myProject.app */ = {isa = PBXFileReference; explicitFileType = wrapper.application; includeInIndex = 0; path = myProject.app; sourceTree = BUILT_PRODUCTS_DIR; };
		45E658F624044FE3000C1164 /* AppDelegate.swift */ = {isa = PBXFileReference; lastKnownFileType = sourcecode.swift; path = AppDelegate.swift; sourceTree = "<group>"; };
		45E658F824044FE3000C1164 /* SceneDelegate.swift */ = {isa = PBXFileReference; lastKnownFileType = sourcecode.swift; path = SceneDelegate.swift; sourceTree = "<group>"; };
		45E658FA24044FE3000C1164 /* ViewController.swift */ = {isa = PBXFileReference; lastKnownFileType = sourcecode.swift; path = ViewController.swift; sourceTree = "<group>"; };
		45E658FD24044FE3000C1164 /* Base */ = {isa = PBXFileReference; lastKnownFileType = file.storyboard; name = Base; path = Base.lproj/Main.storyboard; sourceTree = "<group>"; };
		45E658FF24044FE5000C1164 /* Assets.xcassets */ = {isa = PBXFileReference; lastKnownFileType = folder.assetcatalog; path = Assets.xcassets; sourceTree = "<group>"; };
		45E6590224044FE5000C1164 /* Base */ = {isa = PBXFileReference; lastKnownFileType = file.storyboard; name = Base; path = Base.lproj/LaunchScreen.storyboard; sourceTree = "<group>"; };
		45E6590424044FE5000C1164 /* Info.plist */ = {isa = PBXFileReference; lastKnownFileType = text.plist.xml; path = Info.plist; sourceTree = "<group>"; };
		45E6590924044FE5000C1164 /* myProjectTests.xctest */ = {isa = PBXFileReference; explicitFileType = wrapper.cfbundle; includeInIndex = 0; path = myProjectTests.xctest; sourceTree = BUILT_PRODUCTS_DIR; };
		45E6590D24044FE5000C1164 /* myProjectTests.swift */ = {isa = PBXFileReference; lastKnownFileType = sourcecode.swift; path = myProjectTests.swift; sourceTree = "<group>"; };
		45E6590F24044FE5000C1164 /* Info.plist */ = {isa = PBXFileReference; lastKnownFileType = text.plist.xml; path = Info.plist; sourceTree = "<group>"; };
		45E6591424044FE5000C1164 /* myProjectUITests.xctest */ = {isa = PBXFileReference; explicitFileType = wrapper.cfbundle; includeInIndex = 0; path = myProjectUITests.xctest; sourceTree = BUILT_PRODUCTS_DIR; };
		45E6591824044FE5000C1164 /* myProjectUITests.swift */ = {isa = PBXFileReference; lastKnownFileType = sourcecode.swift; path = myProjectUITests.swift; sourceTree = "<group>"; };
		45E6591A24044FE5000C1164 /* Info.plist */ = {isa = PBXFileReference; lastKnownFileType = text.plist.xml; path = Info.plist; sourceTree = "<group>"; };
/* End PBXFileReference section */

/* Begin PBXFrameworksBuildPhase section */
		45E658F024044FE3000C1164 /* Frameworks */ = {
			isa = PBXFrameworksBuildPhase;
			buildActionMask = 2147483647;
			files = (
			);
			runOnlyForDeploymentPostprocessing = 0;
		};
		45E6590624044FE5000C1164 /* Frameworks */ = {
			isa = PBXFrameworksBuildPhase;
			buildActionMask = 2147483647;
			files = (
			);
			runOnlyForDeploymentPostprocessing = 0;
		};
		45E6591124044FE5000C1164 /* Frameworks */ = {
			isa = PBXFrameworksBuildPhase;
			buildActionMask = 2147483647;
			files = (
			);
			runOnlyForDeploymentPostprocessing = 0;
		};
/* End PBXFrameworksBuildPhase section */

/* Begin PBXGroup section */
		45E658EA24044FE3000C1164 = {
			isa = PBXGroup;
			children = (
				45E658F524044FE3000C1164 /* myProject */,
				45E6590C24044FE5000C1164 /* myProjectTests */,
				45E6591724044FE5000C1164 /* myProjectUITests */,
				45E658F424044FE3000C1164 /* Products */,
			);
			sourceTree = "<group>";
		};
		45E658F424044FE3000C1164 /* Products */ = {
			isa = PBXGroup;
			children = (
				45E658F324044FE3000C1164 /* myProject.app */,
				45E6590924044FE5000C1164 /* myProjectTests.xctest */,
				45E6591424044FE5000C1164 /* myProjectUITests.xctest */,
			);
			name = Products;
			sourceTree = "<group>";
		};
		45E658F524044FE3000C1164 /* myProject */ = {
			isa = PBXGroup;
			children = (
				45E658F624044FE3000C1164 /* AppDelegate.swift */,
				45E658F824044FE3000C1164 /* SceneDelegate.swift */,
				45E658FA24044FE3000C1164 /* ViewController.swift */,
				45E658FC24044FE3000C1164 /* Main.storyboard */,
				45E658FF24044FE5000C1164 /* Assets.xcassets */,
				45E6590124044FE5000C1164 /* LaunchScreen.storyboard */,
				45E6590424044FE5000C1164 /* Info.plist */,
			);
			path = myProject;
			sourceTree = "<group>";
		};
		45E6590C24044FE5000C1164 /* myProjectTests */ = {
			isa = PBXGroup;
			children = (
				45E6590D24044FE5000C1164 /* myProjectTests.swift */,
				45E6590F24044FE5000C1164 /* Info.plist */,
			);
			path = myProjectTests;
			sourceTree = "<group>";
		};
		45E6591724044FE5000C1164 /* myProjectUITests */ = {
			isa = PBXGroup;
			children = (
				45E6591824044FE5000C1164 /* myProjectUITests.swift */,
				45E6591A24044FE5000C1164 /* Info.plist */,
			);
			path = myProjectUITests;
			sourceTree = "<group>";
		};
/* End PBXGroup section */

/* Begin PBXNativeTarget section */
		45E658F224044FE3000C1164 /* myProject */ = {
			isa = PBXNativeTarget;
			buildConfigurationList = 45E6591D24044FE5000C1164 /* Build configuration list for PBXNativeTarget "myProject" */;
			buildPhases = (
				45E658EF24044FE3000C1164 /* Sources */,
				45E658F024044FE3000C1164 /* Frameworks */,
				45E658F124044FE3000C1164 /* Resources */,
			);
			buildRules = (
			);
			dependencies = (
			);
			name = myProject;
			productName = myProject;
			productReference = 45E658F324044FE3000C1164 /* myProject.app */;
			productType = "com.apple.product-type.application";
		};
		45E6590824044FE5000C1164 /* myProjectTests */ = {
			isa = PBXNativeTarget;
			buildConfigurationList = 45E6592024044FE5000C1164 /* Build configuration list for PBXNativeTarget "myProjectTests" */;
			buildPhases = (
				45E6590524044FE5000C1164 /* Sources */,
				45E6590624044FE5000C1164 /* Frameworks */,
				45E6590724044FE5000C1164 /* Resources */,
			);
			buildRules = (
			);
			dependencies = (
				45E6590B24044FE5000C1164 /* PBXTargetDependency */,
			);
			name = myProjectTests;
			productName = myProjectTests;
			productReference = 45E6590924044FE5000C1164 /* myProjectTests.xctest */;
			productType = "com.apple.product-type.bundle.unit-test";
		};
		45E6591324044FE5000C1164 /* myProjectUITests */ = {
			isa = PBXNativeTarget;
			buildConfigurationList = 45E6592324044FE5000C1164 /* Build configuration list for PBXNativeTarget "myProjectUITests" */;
			buildPhases = (
				45E6591024044FE5000C1164 /* Sources */,
				45E6591124044FE5000C1164 /* Frameworks */,
				45E6591224044FE5000C1164 /* Resources */,
			);
			buildRules = (
			);
			dependencies = (
				45E6591624044FE5000C1164 /* PBXTargetDependency */,
			);
			name = myProjectUITests;
			productName = myProjectUITests;
			productReference = 45E6591424044FE5000C1164 /* myProjectUITests.xctest */;
			productType = "com.apple.product-type.bundle.ui-testing";
		};
/* End PBXNativeTarget section */

/* Begin PBXProject section */
		45E658EB24044FE3000C1164 /* Project object */ = {
			isa = PBXProject;
			attributes = {
				LastSwiftUpdateCheck = 1130;
				LastUpgradeCheck = 1130;
				ORGANIZATIONNAME = "Mata, Valkyrie H";
				TargetAttributes = {
					45E658F224044FE3000C1164 = {
						CreatedOnToolsVersion = 11.3;
					};
					45E6590824044FE5000C1164 = {
						CreatedOnToolsVersion = 11.3;
						TestTargetID = 45E658F224044FE3000C1164;
					};
					45E6591324044FE5000C1164 = {
						CreatedOnToolsVersion = 11.3;
						TestTargetID = 45E658F224044FE3000C1164;
					};
				};
			};
			buildConfigurationList = 45E658EE24044FE3000C1164 /* Build configuration list for PBXProject "myProject" */;
			compatibilityVersion = "Xcode 9.3";
			developmentRegion = en;
			hasScannedForEncodings = 0;
			knownRegions = (
				en,
				Base,
			);
			mainGroup = 45E658EA24044FE3000C1164;
			productRefGroup = 45E658F424044FE3000C1164 /* Products */;
			projectDirPath = "";
			projectRoot = "";
			targets = (
				45E658F224044FE3000C1164 /* myProject */,
				45E6590824044FE5000C1164 /* myProjectTests */,
				45E6591324044FE5000C1164 /* myProjectUITests */,
			);
		};
/* End PBXProject section */

/* Begin PBXResourcesBuildPhase section */
		45E658F124044FE3000C1164 /* Resources */ = {
			isa = PBXResourcesBuildPhase;
			buildActionMask = 2147483647;
			files = (
				45E6590324044FE5000C1164 /* LaunchScreen.storyboard in Resources */,
				45E6590024044FE5000C1164 /* Assets.xcassets in Resources */,
				45E658FE24044FE3000C1164 /* Main.storyboard in Resources */,
			);
			runOnlyForDeploymentPostprocessing = 0;
		};
		45E6590724044FE5000C1164 /* Resources */ = {
			isa = PBXResourcesBuildPhase;
			buildActionMask = 2147483647;
			files = (
			);
			runOnlyForDeploymentPostprocessing = 0;
		};
		45E6591224044FE5000C1164 /* Resources */ = {
			isa = PBXResourcesBuildPhase;
			buildActionMask = 2147483647;
			files = (
			);
			runOnlyForDeploymentPostprocessing = 0;
		};
/* End PBXResourcesBuildPhase section */

/* Begin PBXSourcesBuildPhase section */
		45E658EF24044FE3000C1164 /* Sources */ = {
			isa = PBXSourcesBuildPhase;
			buildActionMask = 2147483647;
			files = (
				45E658FB24044FE3000C1164 /* ViewController.swift in Sources */,
				45E658F724044FE3000C1164 /* AppDelegate.swift in Sources */,
				45E658F924044FE3000C1164 /* SceneDelegate.swift in Sources */,
			);
			runOnlyForDeploymentPostprocessing = 0;
		};
		45E6590524044FE5000C1164 /* Sources */ = {
			isa = PBXSourcesBuildPhase;
			buildActionMask = 2147483647;
			files = (
				45E6590E24044FE5000C1164 /* myProjectTests.swift in Sources */,
			);
			runOnlyForDeploymentPostprocessing = 0;
		};
		45E6591024044FE5000C1164 /* Sources */ = {
			isa = PBXSourcesBuildPhase;
			buildActionMask = 2147483647;
			files = (
				45E6591924044FE5000C1164 /* myProjectUITests.swift in Sources */,
			);
			runOnlyForDeploymentPostprocessing = 0;
		};
/* End PBXSourcesBuildPhase section */

/* Begin PBXTargetDependency section */
		45E6590B24044FE5000C1164 /* PBXTargetDependency */ = {
			isa = PBXTargetDependency;
			target = 45E658F224044FE3000C1164 /* myProject */;
			targetProxy = 45E6590A24044FE5000C1164 /* PBXContainerItemProxy */;
		};
		45E6591624044FE5000C1164 /* PBXTargetDependency */ = {
			isa = PBXTargetDependency;
			target = 45E658F224044FE3000C1164 /* myProject */;
			targetProxy = 45E6591524044FE5000C1164 /* PBXContainerItemProxy */;
		};
/* End PBXTargetDependency section */

/* Begin PBXVariantGroup section */
		45E658FC24044FE3000C1164 /* Main.storyboard */ = {
			isa = PBXVariantGroup;
			children = (
				45E658FD24044FE3000C1164 /* Base */,
			);
			name = Main.storyboard;
			sourceTree = "<group>";
		};
		45E6590124044FE5000C1164 /* LaunchScreen.storyboard */ = {
			isa = PBXVariantGroup;
			children = (
				45E6590224044FE5000C1164 /* Base */,
			);
			name = LaunchScreen.storyboard;
			sourceTree = "<group>";
		};
/* End PBXVariantGroup section */

/* Begin XCBuildConfiguration section */
		45E6591B24044FE5000C1164 /* Debug */ = {
			isa = XCBuildConfiguration;
			buildSettings = {
				ALWAYS_SEARCH_USER_PATHS = NO;
				CLANG_ANALYZER_NONNULL = YES;
				CLANG_ANALYZER_NUMBER_OBJECT_CONVERSION = YES_AGGRESSIVE;
				CLANG_CXX_LANGUAGE_STANDARD = "gnu++14";
				CLANG_CXX_LIBRARY = "libc++";
				CLANG_ENABLE_MODULES = YES;
				CLANG_ENABLE_OBJC_ARC = YES;
				CLANG_ENABLE_OBJC_WEAK = YES;
				CLANG_WARN_BLOCK_CAPTURE_AUTORELEASING = YES;
				CLANG_WARN_BOOL_CONVERSION = YES;
				CLANG_WARN_COMMA = YES;
				CLANG_WARN_CONSTANT_CONVERSION = YES;
				CLANG_WARN_DEPRECATED_OBJC_IMPLEMENTATIONS = YES;
				CLANG_WARN_DIRECT_OBJC_ISA_USAGE = YES_ERROR;
				CLANG_WARN_DOCUMENTATION_COMMENTS = YES;
				CLANG_WARN_EMPTY_BODY = YES;
				CLANG_WARN_ENUM_CONVERSION = YES;
				CLANG_WARN_INFINITE_RECURSION = YES;
				CLANG_WARN_INT_CONVERSION = YES;
				CLANG_WARN_NON_LITERAL_NULL_CONVERSION = YES;
				CLANG_WARN_OBJC_IMPLICIT_RETAIN_SELF = YES;
				CLANG_WARN_OBJC_LITERAL_CONVERSION = YES;
				CLANG_WARN_OBJC_ROOT_CLASS = YES_ERROR;
				CLANG_WARN_RANGE_LOOP_ANALYSIS = YES;
				CLANG_WARN_STRICT_PROTOTYPES = YES;
				CLANG_WARN_SUSPICIOUS_MOVE = YES;
				CLANG_WARN_UNGUARDED_AVAILABILITY = YES_AGGRESSIVE;
				CLANG_WARN_UNREACHABLE_CODE = YES;
				CLANG_WARN__DUPLICATE_METHOD_MATCH = YES;
				COPY_PHASE_STRIP = NO;
				DEBUG_INFORMATION_FORMAT = dwarf;
				ENABLE_STRICT_OBJC_MSGSEND = YES;
				ENABLE_TESTABILITY = YES;
				GCC_C_LANGUAGE_STANDARD = gnu11;
				GCC_DYNAMIC_NO_PIC = NO;
				GCC_NO_COMMON_BLOCKS = YES;
				GCC_OPTIMIZATION_LEVEL = 0;
				GCC_PREPROCESSOR_DEFINITIONS = (
					"DEBUG=1",
					"$(inherited)",
				);
				GCC_WARN_64_TO_32_BIT_CONVERSION = YES;
				GCC_WARN_ABOUT_RETURN_TYPE = YES_ERROR;
				GCC_WARN_UNDECLARED_SELECTOR = YES;
				GCC_WARN_UNINITIALIZED_AUTOS = YES_AGGRESSIVE;
				GCC_WARN_UNUSED_FUNCTION = YES;
				GCC_WARN_UNUSED_VARIABLE = YES;
				IPHONEOS_DEPLOYMENT_TARGET = 13.2;
				MTL_ENABLE_DEBUG_INFO = INCLUDE_SOURCE;
				MTL_FAST_MATH = YES;
				ONLY_ACTIVE_ARCH = YES;
				SDKROOT = iphoneos;
				SWIFT_ACTIVE_COMPILATION_CONDITIONS = DEBUG;
				SWIFT_OPTIMIZATION_LEVEL = "-Onone";
			};
			name = Debug;
		};
		45E6591C24044FE5000C1164 /* Release */ = {
			isa = XCBuildConfiguration;
			buildSettings = {
				ALWAYS_SEARCH_USER_PATHS = NO;
				CLANG_ANALYZER_NONNULL = YES;
				CLANG_ANALYZER_NUMBER_OBJECT_CONVERSION = YES_AGGRESSIVE;
				CLANG_CXX_LANGUAGE_STANDARD = "gnu++14";
				CLANG_CXX_LIBRARY = "libc++";
				CLANG_ENABLE_MODULES = YES;
				CLANG_ENABLE_OBJC_ARC = YES;
				CLANG_ENABLE_OBJC_WEAK = YES;
				CLANG_WARN_BLOCK_CAPTURE_AUTORELEASING = YES;
				CLANG_WARN_BOOL_CONVERSION = YES;
				CLANG_WARN_COMMA = YES;
				CLANG_WARN_CONSTANT_CONVERSION = YES;
				CLANG_WARN_DEPRECATED_OBJC_IMPLEMENTATIONS = YES;
				CLANG_WARN_DIRECT_OBJC_ISA_USAGE = YES_ERROR;
				CLANG_WARN_DOCUMENTATION_COMMENTS = YES;
				CLANG_WARN_EMPTY_BODY = YES;
				CLANG_WARN_ENUM_CONVERSION = YES;
				CLANG_WARN_INFINITE_RECURSION = YES;
				CLANG_WARN_INT_CONVERSION = YES;
				CLANG_WARN_NON_LITERAL_NULL_CONVERSION = YES;
				CLANG_WARN_OBJC_IMPLICIT_RETAIN_SELF = YES;
				CLANG_WARN_OBJC_LITERAL_CONVERSION = YES;
				CLANG_WARN_OBJC_ROOT_CLASS = YES_ERROR;
				CLANG_WARN_RANGE_LOOP_ANALYSIS = YES;
				CLANG_WARN_STRICT_PROTOTYPES = YES;
				CLANG_WARN_SUSPICIOUS_MOVE = YES;
				CLANG_WARN_UNGUARDED_AVAILABILITY = YES_AGGRESSIVE;
				CLANG_WARN_UNREACHABLE_CODE = YES;
				CLANG_WARN__DUPLICATE_METHOD_MATCH = YES;
				COPY_PHASE_STRIP = NO;
				DEBUG_INFORMATION_FORMAT = "dwarf-with-dsym";
				ENABLE_NS_ASSERTIONS = NO;
				ENABLE_STRICT_OBJC_MSGSEND = YES;
				GCC_C_LANGUAGE_STANDARD = gnu11;
				GCC_NO_COMMON_BLOCKS = YES;
				GCC_WARN_64_TO_32_BIT_CONVERSION = YES;
				GCC_WARN_ABOUT_RETURN_TYPE = YES_ERROR;
				GCC_WARN_UNDECLARED_SELECTOR = YES;
				GCC_WARN_UNINITIALIZED_AUTOS = YES_AGGRESSIVE;
				GCC_WARN_UNUSED_FUNCTION = YES;
				GCC_WARN_UNUSED_VARIABLE = YES;
				IPHONEOS_DEPLOYMENT_TARGET = 13.2;
				MTL_ENABLE_DEBUG_INFO = NO;
				MTL_FAST_MATH = YES;
				SDKROOT = iphoneos;
				SWIFT_COMPILATION_MODE = wholemodule;
				SWIFT_OPTIMIZATION_LEVEL = "-O";
				VALIDATE_PRODUCT = YES;
			};
			name = Release;
		};
		45E6591E24044FE5000C1164 /* Debug */ = {
			isa = XCBuildConfiguration;
			buildSettings = {
				ASSETCATALOG_COMPILER_APPICON_NAME = AppIcon;
				CODE_SIGN_STYLE = Automatic;
				INFOPLIST_FILE = myProject/Info.plist;
				LD_RUNPATH_SEARCH_PATHS = (
					"$(inherited)",
					"@executable_path/Frameworks",
				);
				PRODUCT_BUNDLE_IDENTIFIER = com.valkyriedigitalized.myProject;
				PRODUCT_NAME = "$(TARGET_NAME)";
				SWIFT_VERSION = 5.0;
				TARGETED_DEVICE_FAMILY = "1,2";
			};
			name = Debug;
		};
		45E6591F24044FE5000C1164 /* Release */ = {
			isa = XCBuildConfiguration;
			buildSettings = {
				ASSETCATALOG_COMPILER_APPICON_NAME = AppIcon;
				CODE_SIGN_STYLE = Automatic;
				INFOPLIST_FILE = myProject/Info.plist;
				LD_RUNPATH_SEARCH_PATHS = (
					"$(inherited)",
					"@executable_path/Frameworks",
				);
				PRODUCT_BUNDLE_IDENTIFIER = com.valkyriedigitalized.myProject;
				PRODUCT_NAME = "$(TARGET_NAME)";
				SWIFT_VERSION = 5.0;
				TARGETED_DEVICE_FAMILY = "1,2";
			};
			name = Release;
		};
		45E6592124044FE5000C1164 /* Debug */ = {
			isa = XCBuildConfiguration;
			buildSettings = {
				ALWAYS_EMBED_SWIFT_STANDARD_LIBRARIES = YES;
				BUNDLE_LOADER = "$(TEST_HOST)";
				CODE_SIGN_STYLE = Automatic;
				INFOPLIST_FILE = myProjectTests/Info.plist;
				IPHONEOS_DEPLOYMENT_TARGET = 13.2;
				LD_RUNPATH_SEARCH_PATHS = (
					"$(inherited)",
					"@executable_path/Frameworks",
					"@loader_path/Frameworks",
				);
				PRODUCT_BUNDLE_IDENTIFIER = com.valkyriedigitalized.myProjectTests;
				PRODUCT_NAME = "$(TARGET_NAME)";
				SWIFT_VERSION = 5.0;
				TARGETED_DEVICE_FAMILY = "1,2";
				TEST_HOST = "$(BUILT_PRODUCTS_DIR)/myProject.app/myProject";
			};
			name = Debug;
		};
		45E6592224044FE5000C1164 /* Release */ = {
			isa = XCBuildConfiguration;
			buildSettings = {
				ALWAYS_EMBED_SWIFT_STANDARD_LIBRARIES = YES;
				BUNDLE_LOADER = "$(TEST_HOST)";
				CODE_SIGN_STYLE = Automatic;
				INFOPLIST_FILE = myProjectTests/Info.plist;
				IPHONEOS_DEPLOYMENT_TARGET = 13.2;
				LD_RUNPATH_SEARCH_PATHS = (
					"$(inherited)",
					"@executable_path/Frameworks",
					"@loader_path/Frameworks",
				);
				PRODUCT_BUNDLE_IDENTIFIER = com.valkyriedigitalized.myProjectTests;
				PRODUCT_NAME = "$(TARGET_NAME)";
				SWIFT_VERSION = 5.0;
				TARGETED_DEVICE_FAMILY = "1,2";
				TEST_HOST = "$(BUILT_PRODUCTS_DIR)/myProject.app/myProject";
			};
			name = Release;
		};
		45E6592424044FE5000C1164 /* Debug */ = {
			isa = XCBuildConfiguration;
			buildSettings = {
				ALWAYS_EMBED_SWIFT_STANDARD_LIBRARIES = YES;
				CODE_SIGN_STYLE = Automatic;
				INFOPLIST_FILE = myProjectUITests/Info.plist;
				LD_RUNPATH_SEARCH_PATHS = (
					"$(inherited)",
					"@executable_path/Frameworks",
					"@loader_path/Frameworks",
				);
				PRODUCT_BUNDLE_IDENTIFIER = com.valkyriedigitalized.myProjectUITests;
				PRODUCT_NAME = "$(TARGET_NAME)";
				SWIFT_VERSION = 5.0;
				TARGETED_DEVICE_FAMILY = "1,2";
				TEST_TARGET_NAME = myProject;
			};
			name = Debug;
		};
		45E6592524044FE5000C1164 /* Release */ = {
			isa = XCBuildConfiguration;
			buildSettings = {
				ALWAYS_EMBED_SWIFT_STANDARD_LIBRARIES = YES;
				CODE_SIGN_STYLE = Automatic;
				INFOPLIST_FILE = myProjectUITests/Info.plist;
				LD_RUNPATH_SEARCH_PATHS = (
					"$(inherited)",
					"@executable_path/Frameworks",
					"@loader_path/Frameworks",
				);
				PRODUCT_BUNDLE_IDENTIFIER = com.valkyriedigitalized.myProjectUITests;
				PRODUCT_NAME = "$(TARGET_NAME)";
				SWIFT_VERSION = 5.0;
				TARGETED_DEVICE_FAMILY = "1,2";
				TEST_TARGET_NAME = myProject;
			};
			name = Release;
		};
/* End XCBuildConfiguration section */

/* Begin XCConfigurationList section */
		45E658EE24044FE3000C1164 /* Build configuration list for PBXProject "myProject" */ = {
			isa = XCConfigurationList;
			buildConfigurations = (
				45E6591B24044FE5000C1164 /* Debug */,
				45E6591C24044FE5000C1164 /* Release */,
			);
			defaultConfigurationIsVisible = 0;
			defaultConfigurationName = Release;
		};
		45E6591D24044FE5000C1164 /* Build configuration list for PBXNativeTarget "myProject" */ = {
			isa = XCConfigurationList;
			buildConfigurations = (
				45E6591E24044FE5000C1164 /* Debug */,
				45E6591F24044FE5000C1164 /* Release */,
			);
			defaultConfigurationIsVisible = 0;
			defaultConfigurationName = Release;
		};
		45E6592024044FE5000C1164 /* Build configuration list for PBXNativeTarget "myProjectTests" */ = {
			isa = XCConfigurationList;
			buildConfigurations = (
				45E6592124044FE5000C1164 /* Debug */,
				45E6592224044FE5000C1164 /* Release */,
			);
			defaultConfigurationIsVisible = 0;
			defaultConfigurationName = Release;
		};
		45E6592324044FE5000C1164 /* Build configuration list for PBXNativeTarget "myProjectUITests" */ = {
			isa = XCConfigurationList;
			buildConfigurations = (
				45E6592424044FE5000C1164 /* Debug */,
				45E6592524044FE5000C1164 /* Release */,
			);
			defaultConfigurationIsVisible = 0;
			defaultConfigurationName = Release;
		};
/* End XCConfigurationList section */
	};
	rootObject = 45E658EB24044FE3000C1164 /* Project object */;
}
